
Microsoft Visual Studio Solution File, Format Version 12.00
# Visual Studio Version 16
VisualStudioVersion = 16.0.30907.101
MinimumVisualStudioVersion = 10.0.40219.1
Project("{FAE04EC0-301F-11D3-BF4B-00C04F79EFBC}") = "Project1", "Project1.csproj", "{AB97E181-872E-49A1-928A-1B5B6A98FE17}"
EndProject
Global
	GlobalSection(SolutionConfigurationPlatforms) = preSolution
		Debug|Any CPU = Debug|Any CPU
		Release|Any CPU = Release|Any CPU
	EndGlobalSection
	GlobalSection(ProjectConfigurationPlatforms) = postSolution
		{AB97E181-872E-49A1-928A-1B5B6A98FE17}.Debug|Any CPU.ActiveCfg = Debug|Any CPU
		{AB97E181-872E-49A1-928A-1B5B6A98FE17}.Debug|Any CPU.Build.0 = Debug|Any CPU
		{AB97E181-872E-49A1-928A-1B5B6A98FE17}.Release|Any CPU.ActiveCfg = Release|Any CPU
		{AB97E181-872E-49A1-928A-1B5B6A98FE17}.Release|Any CPU.Build.0 = Release|Any CPU
	EndGlobalSection
	GlobalSection(SolutionProperties) = preSolution
		HideSolutionNode = FALSE
	EndGlobalSection
	GlobalSection(ExtensibilityGlobals) = postSolution
		SolutionGuid = {6D168B9D-734E-4C61-970D-B062CE31E7E5}
	EndGlobalSection
EndGlobal
